
Microsoft Visual Studio Solution File, Format Version 12.00
# Visual Studio Version 17
VisualStudioVersion = 17.7.34024.191
MinimumVisualStudioVersion = 10.0.40219.1
Project("{FAE04EC0-301F-11D3-BF4B-00C04F79EFBC}") = "XelerateAvalonia", "XelerateAvalonia.csproj", "{B5FFAD96-C5C9-48D7-8E3C-9CEA69AD4A01}"
EndProject
Global
	GlobalSection(SolutionConfigurationPlatforms) = preSolution
		Debug|Any CPU = Debug|Any CPU
		Release|Any CPU = Release|Any CPU
	EndGlobalSection
	GlobalSection(ProjectConfigurationPlatforms) = postSolution
		{B5FFAD96-C5C9-48D7-8E3C-9CEA69AD4A01}.Debug|Any CPU.ActiveCfg = Debug|Any CPU
		{B5FFAD96-C5C9-48D7-8E3C-9CEA69AD4A01}.Debug|Any CPU.Build.0 = Debug|Any CPU
		{B5FFAD96-C5C9-48D7-8E3C-9CEA69AD4A01}.Release|Any CPU.ActiveCfg = Release|Any CPU
		{B5FFAD96-C5C9-48D7-8E3C-9CEA69AD4A01}.Release|Any CPU.Build.0 = Release|Any CPU
	EndGlobalSection
	GlobalSection(SolutionProperties) = preSolution
		HideSolutionNode = FALSE
	EndGlobalSection
	GlobalSection(ExtensibilityGlobals) = postSolution
		SolutionGuid = {665A77EE-D423-48FB-8541-918D18D595F1}
	EndGlobalSection
EndGlobal
